Microsoft Visual Studio Solution File, Format Version 11.00
# Visual Studio 2008

Project("{E137200C-1A28-6BC1-C97D-538D7698ACB0}") = "Assignment2_AaronFernandes", "Assembly-CSharp.csproj", "{17C9352B-8C97-6E3F-5320-5C95C2CE7021}"
EndProject
Global
	GlobalSection(SolutionConfigurationPlatforms) = preSolution
		Debug|Any CPU = Debug|Any CPU
		Release|Any CPU = Release|Any CPU
	EndGlobalSection
	GlobalSection(ProjectConfigurationPlatforms) = postSolution
		{17C9352B-8C97-6E3F-5320-5C95C2CE7021}.Debug|Any CPU.ActiveCfg = Debug|Any CPU
		{17C9352B-8C97-6E3F-5320-5C95C2CE7021}.Debug|Any CPU.Build.0 = Debug|Any CPU
		{17C9352B-8C97-6E3F-5320-5C95C2CE7021}.Release|Any CPU.ActiveCfg = Release|Any CPU
		{17C9352B-8C97-6E3F-5320-5C95C2CE7021}.Release|Any CPU.Build.0 = Release|Any CPU
	EndGlobalSection
	GlobalSection(SolutionProperties) = preSolution
		HideSolutionNode = FALSE
	EndGlobalSection
	GlobalSection(MonoDevelopProperties) = preSolution
		StartupItem = Assembly-CSharp.csproj
	EndGlobalSection
EndGlobal
